
Microsoft Visual Studio Solution File, Format Version 12.00
# Visual Studio Version 16
VisualStudioVersion = 16.0.29806.167
MinimumVisualStudioVersion = 10.0.40219.1
Project("{FAE04EC0-301F-11D3-BF4B-00C04F79EFBC}") = "MyTestApp.Android", "MyTestApp.Android\MyTestApp.Android.csproj", "{F68FA74A-DBEF-43E3-BEC9-87B9BA86C101}"
EndProject
Project("{FAE04EC0-301F-11D3-BF4B-00C04F79EFBC}") = "MyTestApp", "MyTestApp\MyTestApp.csproj", "{7E3A10B0-E119-46ED-AA70-9D3485970C3D}"
EndProject
Global
	GlobalSection(SolutionConfigurationPlatforms) = preSolution
		Debug|Any CPU = Debug|Any CPU
		Release|Any CPU = Release|Any CPU
	EndGlobalSection
	GlobalSection(ProjectConfigurationPlatforms) = postSolution
		{F68FA74A-DBEF-43E3-BEC9-87B9BA86C101}.Debug|Any CPU.ActiveCfg = Debug|Any CPU
		{F68FA74A-DBEF-43E3-BEC9-87B9BA86C101}.Debug|Any CPU.Build.0 = Debug|Any CPU
		{F68FA74A-DBEF-43E3-BEC9-87B9BA86C101}.Debug|Any CPU.Deploy.0 = Debug|Any CPU
		{F68FA74A-DBEF-43E3-BEC9-87B9BA86C101}.Release|Any CPU.ActiveCfg = Release|Any CPU
		{F68FA74A-DBEF-43E3-BEC9-87B9BA86C101}.Release|Any CPU.Build.0 = Release|Any CPU
		{F68FA74A-DBEF-43E3-BEC9-87B9BA86C101}.Release|Any CPU.Deploy.0 = Release|Any CPU
		{7E3A10B0-E119-46ED-AA70-9D3485970C3D}.Debug|Any CPU.ActiveCfg = Debug|Any CPU
		{7E3A10B0-E119-46ED-AA70-9D3485970C3D}.Debug|Any CPU.Build.0 = Debug|Any CPU
		{7E3A10B0-E119-46ED-AA70-9D3485970C3D}.Debug|Any CPU.Deploy.0 = Debug|Any CPU
		{7E3A10B0-E119-46ED-AA70-9D3485970C3D}.Release|Any CPU.ActiveCfg = Release|Any CPU
		{7E3A10B0-E119-46ED-AA70-9D3485970C3D}.Release|Any CPU.Build.0 = Release|Any CPU
		{7E3A10B0-E119-46ED-AA70-9D3485970C3D}.Release|Any CPU.Deploy.0 = Release|Any CPU
	EndGlobalSection
	GlobalSection(SolutionProperties) = preSolution
		HideSolutionNode = FALSE
	EndGlobalSection
	GlobalSection(ExtensibilityGlobals) = postSolution
		SolutionGuid = {76103DDF-5243-41DA-A382-5B9D5EE776C2}
	EndGlobalSection
EndGlobal
